# This file is automatically @generated by Poetry 1.8.3 and should not be changed by hand.

[[package]]
name = "olefile"
version = "0.47"
description = "Python package to parse, read and write Microsoft OLE2 files (Structured Storage or Compound Document, Microsoft Office)"
optional = false
python-versions = ">=2.7, !=3.0.*, !=3.1.*, !=3.2.*, !=3.3.*, !=3.4.*"
files = [
    {file = "olefile-0.47-py2.py3-none-any.whl", hash = "sha256:543c7da2a7adadf21214938bb79c83ea12b473a4b6ee4ad4bf854e7715e13d1f"},
    {file = "olefile-0.47.zip", hash = "sha256:599383381a0bf3dfbd932ca0ca6515acd174ed48870cbf7fee123d698c192c1c"},
]

[package.extras]
tests = ["pytest", "pytest-cov"]

[metadata]
lock-version = "2.0"
python-versions = "^3.11"
content-hash = "c0694ef2a190464a26e245f45bbdbd213c1873303aecc35b5cc49f0bcd5cdc62"
